// !$*UTF8*$!
{
	archiveVersion = 1;
	classes = {
	};
	objectVersion = 55;
	objects = {

/* Begin PBXBuildFile section */
		29C46BFD270D5E8A00754817 /* BeliskiApp.swift in Sources */ = {isa = PBXBuildFile; fileRef = 29C46BED270D5E8800754817 /* BeliskiApp.swift */; };
		29C46BFE270D5E8A00754817 /* BeliskiApp.swift in Sources */ = {isa = PBXBuildFile; fileRef = 29C46BED270D5E8800754817 /* BeliskiApp.swift */; };
		29C46BFF270D5E8A00754817 /* ContentView.swift in Sources */ = {isa = PBXBuildFile; fileRef = 29C46BEE270D5E8800754817 /* ContentView.swift */; };
		29C46C00270D5E8A00754817 /* ContentView.swift in Sources */ = {isa = PBXBuildFile; fileRef = 29C46BEE270D5E8800754817 /* ContentView.swift */; };
		29C46C01270D5E8A00754817 /* Assets.xcassets in Resources */ = {isa = PBXBuildFile; fileRef = 29C46BEF270D5E8A00754817 /* Assets.xcassets */; };
		29C46C02270D5E8A00754817 /* Assets.xcassets in Resources */ = {isa = PBXBuildFile; fileRef = 29C46BEF270D5E8A00754817 /* Assets.xcassets */; };
		29C46C0C270D5FB200754817 /* Launch Screen.storyboard in Resources */ = {isa = PBXBuildFile; fileRef = 29C46C0B270D5FB200754817 /* Launch Screen.storyboard */; };
		29C46C25270D600900754817 /* User.swift in Sources */ = {isa = PBXBuildFile; fileRef = 29C46C0F270D600900754817 /* User.swift */; };
		29C46C26270D600900754817 /* Struct & Enum.swift in Sources */ = {isa = PBXBuildFile; fileRef = 29C46C10270D600900754817 /* Struct & Enum.swift */; };
		29C46C27270D600900754817 /* UserViewModel.swift in Sources */ = {isa = PBXBuildFile; fileRef = 29C46C12270D600900754817 /* UserViewModel.swift */; };
		29C46C28270D600900754817 /* SquadView.swift in Sources */ = {isa = PBXBuildFile; fileRef = 29C46C15270D600900754817 /* SquadView.swift */; };
		29C46C2A270D600900754817 /* ProfileView.swift in Sources */ = {isa = PBXBuildFile; fileRef = 29C46C18270D600900754817 /* ProfileView.swift */; };
		29C46C2B270D600900754817 /* JournalView.swift in Sources */ = {isa = PBXBuildFile; fileRef = 29C46C1A270D600900754817 /* JournalView.swift */; };
		29C46C2C270D600900754817 /* ScoreView.swift in Sources */ = {isa = PBXBuildFile; fileRef = 29C46C1C270D600900754817 /* ScoreView.swift */; };
		29C46C2F270D600900754817 /* CreateView.swift in Sources */ = {isa = PBXBuildFile; fileRef = 29C46C21270D600900754817 /* CreateView.swift */; };
		29C46C30270D600900754817 /* CommunityView.swift in Sources */ = {isa = PBXBuildFile; fileRef = 29C46C23270D600900754817 /* CommunityView.swift */; };
/* End PBXBuildFile section */

/* Begin PBXFileReference section */
		29C46BED270D5E8800754817 /* BeliskiApp.swift */ = {isa = PBXFileReference; lastKnownFileType = sourcecode.swift; path = BeliskiApp.swift; sourceTree = "<group>"; };
		29C46BEE270D5E8800754817 /* ContentView.swift */ = {isa = PBXFileReference; lastKnownFileType = sourcecode.swift; path = ContentView.swift; sourceTree = "<group>"; };
		29C46BEF270D5E8A00754817 /* Assets.xcassets */ = {isa = PBXFileReference; lastKnownFileType = folder.assetcatalog; path = Assets.xcassets; sourceTree = "<group>"; };
		29C46BF4270D5E8A00754817 /* Beliski.app */ = {isa = PBXFileReference; explicitFileType = wrapper.application; includeInIndex = 0; path = Beliski.app; sourceTree = BUILT_PRODUCTS_DIR; };
		29C46BFA270D5E8A00754817 /* Beliski.app */ = {isa = PBXFileReference; explicitFileType = wrapper.application; includeInIndex = 0; path = Beliski.app; sourceTree = BUILT_PRODUCTS_DIR; };
		29C46BFC270D5E8A00754817 /* macOS.entitlements */ = {isa = PBXFileReference; lastKnownFileType = text.plist.entitlements; path = macOS.entitlements; sourceTree = "<group>"; };
		29C46C0B270D5FB200754817 /* Launch Screen.storyboard */ = {isa = PBXFileReference; fileEncoding = 4; lastKnownFileType = file.storyboard; path = "Launch Screen.storyboard"; sourceTree = "<group>"; };
		29C46C0F270D600900754817 /* User.swift */ = {isa = PBXFileReference; fileEncoding = 4; lastKnownFileType = sourcecode.swift; path = User.swift; sourceTree = "<group>"; };
		29C46C10270D600900754817 /* Struct & Enum.swift */ = {isa = PBXFileReference; fileEncoding = 4; lastKnownFileType = sourcecode.swift; path = "Struct & Enum.swift"; sourceTree = "<group>"; };
		29C46C12270D600900754817 /* UserViewModel.swift */ = {isa = PBXFileReference; fileEncoding = 4; lastKnownFileType = sourcecode.swift; path = UserViewModel.swift; sourceTree = "<group>"; };
		29C46C15270D600900754817 /* SquadView.swift */ = {isa = PBXFileReference; fileEncoding = 4; lastKnownFileType = sourcecode.swift; path = SquadView.swift; sourceTree = "<group>"; };
		29C46C18270D600900754817 /* ProfileView.swift */ = {isa = PBXFileReference; fileEncoding = 4; lastKnownFileType = sourcecode.swift; path = ProfileView.swift; sourceTree = "<group>"; };
		29C46C1A270D600900754817 /* JournalView.swift */ = {isa = PBXFileReference; fileEncoding = 4; lastKnownFileType = sourcecode.swift; path = JournalView.swift; sourceTree = "<group>"; };
		29C46C1C270D600900754817 /* ScoreView.swift */ = {isa = PBXFileReference; fileEncoding = 4; lastKnownFileType = sourcecode.swift; path = ScoreView.swift; sourceTree = "<group>"; };
		29C46C21270D600900754817 /* CreateView.swift */ = {isa = PBXFileReference; fileEncoding = 4; lastKnownFileType = sourcecode.swift; path = CreateView.swift; sourceTree = "<group>"; };
		29C46C23270D600900754817 /* CommunityView.swift */ = {isa = PBXFileReference; fileEncoding = 4; lastKnownFileType = sourcecode.swift; path = CommunityView.swift; sourceTree = "<group>"; };
/* End PBXFileReference section */

/* Begin PBXFrameworksBuildPhase section */
		29C46BF1270D5E8A00754817 /* Frameworks */ = {
			isa = PBXFrameworksBuildPhase;
			buildActionMask = 2147483647;
			files = (
			);
			runOnlyForDeploymentPostprocessing = 0;
		};
		29C46BF7270D5E8A00754817 /* Frameworks */ = {
			isa = PBXFrameworksBuildPhase;
			buildActionMask = 2147483647;
			files = (
			);
			runOnlyForDeploymentPostprocessing = 0;
		};
/* End PBXFrameworksBuildPhase section */

/* Begin PBXGroup section */
		29C46BE7270D5E8800754817 = {
			isa = PBXGroup;
			children = (
				29C46BEC270D5E8800754817 /* Shared */,
				29C46BFB270D5E8A00754817 /* macOS */,
				29C46BF5270D5E8A00754817 /* Products */,
			);
			sourceTree = "<group>";
		};
		29C46BEC270D5E8800754817 /* Shared */ = {
			isa = PBXGroup;
			children = (
				29C46C0E270D600900754817 /* Model */,
				29C46C0D270D600900754817 /* Repository */,
				29C46C13270D600900754817 /* View */,
				29C46C11270D600900754817 /* ViewModel */,
				29C46BED270D5E8800754817 /* BeliskiApp.swift */,
				29C46BEE270D5E8800754817 /* ContentView.swift */,
				29C46BEF270D5E8A00754817 /* Assets.xcassets */,
				29C46C0B270D5FB200754817 /* Launch Screen.storyboard */,
			);
			path = Shared;
			sourceTree = "<group>";
		};
		29C46BF5270D5E8A00754817 /* Products */ = {
			isa = PBXGroup;
			children = (
				29C46BF4270D5E8A00754817 /* Beliski.app */,
				29C46BFA270D5E8A00754817 /* Beliski.app */,
			);
			name = Products;
			sourceTree = "<group>";
		};
		29C46BFB270D5E8A00754817 /* macOS */ = {
			isa = PBXGroup;
			children = (
				29C46BFC270D5E8A00754817 /* macOS.entitlements */,
			);
			path = macOS;
			sourceTree = "<group>";
		};
		29C46C0D270D600900754817 /* Repository */ = {
			isa = PBXGroup;
			children = (
			);
			path = Repository;
			sourceTree = "<group>";
		};
		29C46C0E270D600900754817 /* Model */ = {
			isa = PBXGroup;
			children = (
				29C46C0F270D600900754817 /* User.swift */,
				29C46C10270D600900754817 /* Struct & Enum.swift */,
			);
			path = Model;
			sourceTree = "<group>";
		};
		29C46C11270D600900754817 /* ViewModel */ = {
			isa = PBXGroup;
			children = (
				29C46C12270D600900754817 /* UserViewModel.swift */,
			);
			path = ViewModel;
			sourceTree = "<group>";
		};
		29C46C13270D600900754817 /* View */ = {
			isa = PBXGroup;
			children = (
				29C46C14270D600900754817 /* Squad */,
				29C46C17270D600900754817 /* Profile */,
				29C46C19270D600900754817 /* Journal */,
				29C46C1B270D600900754817 /* Score */,
				29C46C1D270D600900754817 /* Authenticate */,
				29C46C20270D600900754817 /* Create */,
				29C46C22270D600900754817 /* Community */,
			);
			path = View;
			sourceTree = "<group>";
		};
		29C46C14270D600900754817 /* Squad */ = {
			isa = PBXGroup;
			children = (
				29C46C15270D600900754817 /* SquadView.swift */,
			);
			path = Squad;
			sourceTree = "<group>";
		};
		29C46C17270D600900754817 /* Profile */ = {
			isa = PBXGroup;
			children = (
				29C46C18270D600900754817 /* ProfileView.swift */,
			);
			path = Profile;
			sourceTree = "<group>";
		};
		29C46C19270D600900754817 /* Journal */ = {
			isa = PBXGroup;
			children = (
				29C46C1A270D600900754817 /* JournalView.swift */,
			);
			path = Journal;
			sourceTree = "<group>";
		};
		29C46C1B270D600900754817 /* Score */ = {
			isa = PBXGroup;
			children = (
				29C46C1C270D600900754817 /* ScoreView.swift */,
			);
			path = Score;
			sourceTree = "<group>";
		};
		29C46C1D270D600900754817 /* Authenticate */ = {
			isa = PBXGroup;
			children = (
			);
			path = Authenticate;
			sourceTree = "<group>";
		};
		29C46C20270D600900754817 /* Create */ = {
			isa = PBXGroup;
			children = (
				29C46C21270D600900754817 /* CreateView.swift */,
			);
			path = Create;
			sourceTree = "<group>";
		};
		29C46C22270D600900754817 /* Community */ = {
			isa = PBXGroup;
			children = (
				29C46C23270D600900754817 /* CommunityView.swift */,
			);
			path = Community;
			sourceTree = "<group>";
		};
/* End PBXGroup section */

/* Begin PBXNativeTarget section */
		29C46BF3270D5E8A00754817 /* Beliski (iOS) */ = {
			isa = PBXNativeTarget;
			buildConfigurationList = 29C46C05270D5E8A00754817 /* Build configuration list for PBXNativeTarget "Beliski (iOS)" */;
			buildPhases = (
				29C46BF0270D5E8A00754817 /* Sources */,
				29C46BF1270D5E8A00754817 /* Frameworks */,
				29C46BF2270D5E8A00754817 /* Resources */,
			);
			buildRules = (
			);
			dependencies = (
			);
			name = "Beliski (iOS)";
			productName = "Beliski (iOS)";
			productReference = 29C46BF4270D5E8A00754817 /* Beliski.app */;
			productType = "com.apple.product-type.application";
		};
		29C46BF9270D5E8A00754817 /* Beliski (macOS) */ = {
			isa = PBXNativeTarget;
			buildConfigurationList = 29C46C08270D5E8A00754817 /* Build configuration list for PBXNativeTarget "Beliski (macOS)" */;
			buildPhases = (
				29C46BF6270D5E8A00754817 /* Sources */,
				29C46BF7270D5E8A00754817 /* Frameworks */,
				29C46BF8270D5E8A00754817 /* Resources */,
			);
			buildRules = (
			);
			dependencies = (
			);
			name = "Beliski (macOS)";
			productName = "Beliski (macOS)";
			productReference = 29C46BFA270D5E8A00754817 /* Beliski.app */;
			productType = "com.apple.product-type.application";
		};
/* End PBXNativeTarget section */

/* Begin PBXProject section */
		29C46BE8270D5E8800754817 /* Project object */ = {
			isa = PBXProject;
			attributes = {
				BuildIndependentTargetsInParallel = 1;
				LastSwiftUpdateCheck = 1300;
				LastUpgradeCheck = 1300;
				TargetAttributes = {
					29C46BF3270D5E8A00754817 = {
						CreatedOnToolsVersion = 13.0;
					};
					29C46BF9270D5E8A00754817 = {
						CreatedOnToolsVersion = 13.0;
					};
				};
			};
			buildConfigurationList = 29C46BEB270D5E8800754817 /* Build configuration list for PBXProject "Beliski" */;
			compatibilityVersion = "Xcode 13.0";
			developmentRegion = en;
			hasScannedForEncodings = 0;
			knownRegions = (
				en,
				Base,
			);
			mainGroup = 29C46BE7270D5E8800754817;
			productRefGroup = 29C46BF5270D5E8A00754817 /* Products */;
			projectDirPath = "";
			projectRoot = "";
			targets = (
				29C46BF3270D5E8A00754817 /* Beliski (iOS) */,
				29C46BF9270D5E8A00754817 /* Beliski (macOS) */,
			);
		};
/* End PBXProject section */

/* Begin PBXResourcesBuildPhase section */
		29C46BF2270D5E8A00754817 /* Resources */ = {
			isa = PBXResourcesBuildPhase;
			buildActionMask = 2147483647;
			files = (
				29C46C0C270D5FB200754817 /* Launch Screen.storyboard in Resources */,
				29C46C01270D5E8A00754817 /* Assets.xcassets in Resources */,
			);
			runOnlyForDeploymentPostprocessing = 0;
		};
		29C46BF8270D5E8A00754817 /* Resources */ = {
			isa = PBXResourcesBuildPhase;
			buildActionMask = 2147483647;
			files = (
				29C46C02270D5E8A00754817 /* Assets.xcassets in Resources */,
			);
			runOnlyForDeploymentPostprocessing = 0;
		};
/* End PBXResourcesBuildPhase section */

/* Begin PBXSourcesBuildPhase section */
		29C46BF0270D5E8A00754817 /* Sources */ = {
			isa = PBXSourcesBuildPhase;
			buildActionMask = 2147483647;
			files = (
				29C46C30270D600900754817 /* CommunityView.swift in Sources */,
				29C46C2A270D600900754817 /* ProfileView.swift in Sources */,
				29C46BFF270D5E8A00754817 /* ContentView.swift in Sources */,
				29C46C28270D600900754817 /* SquadView.swift in Sources */,
				29C46BFD270D5E8A00754817 /* BeliskiApp.swift in Sources */,
				29C46C26270D600900754817 /* Struct & Enum.swift in Sources */,
				29C46C2F270D600900754817 /* CreateView.swift in Sources */,
				29C46C2B270D600900754817 /* JournalView.swift in Sources */,
				29C46C27270D600900754817 /* UserViewModel.swift in Sources */,
				29C46C25270D600900754817 /* User.swift in Sources */,
				29C46C2C270D600900754817 /* ScoreView.swift in Sources */,
			);
			runOnlyForDeploymentPostprocessing = 0;
		};
		29C46BF6270D5E8A00754817 /* Sources */ = {
			isa = PBXSourcesBuildPhase;
			buildActionMask = 2147483647;
			files = (
				29C46C00270D5E8A00754817 /* ContentView.swift in Sources */,
				29C46BFE270D5E8A00754817 /* BeliskiApp.swift in Sources */,
			);
			runOnlyForDeploymentPostprocessing = 0;
		};
/* End PBXSourcesBuildPhase section */

/* Begin XCBuildConfiguration section */
		29C46C03270D5E8A00754817 /* Debug */ = {
			isa = XCBuildConfiguration;
			buildSettings = {
				ALWAYS_SEARCH_USER_PATHS = NO;
				CLANG_ANALYZER_NONNULL = YES;
				CLANG_ANALYZER_NUMBER_OBJECT_CONVERSION = YES_AGGRESSIVE;
				CLANG_CXX_LANGUAGE_STANDARD = "gnu++17";
				CLANG_CXX_LIBRARY = "libc++";
				CLANG_ENABLE_MODULES = YES;
				CLANG_ENABLE_OBJC_ARC = YES;
				CLANG_ENABLE_OBJC_WEAK = YES;
				CLANG_WARN_BLOCK_CAPTURE_AUTORELEASING = YES;
				CLANG_WARN_BOOL_CONVERSION = YES;
				CLANG_WARN_COMMA = YES;
				CLANG_WARN_CONSTANT_CONVERSION = YES;
				CLANG_WARN_DEPRECATED_OBJC_IMPLEMENTATIONS = YES;
				CLANG_WARN_DIRECT_OBJC_ISA_USAGE = YES_ERROR;
				CLANG_WARN_DOCUMENTATION_COMMENTS = YES;
				CLANG_WARN_EMPTY_BODY = YES;
				CLANG_WARN_ENUM_CONVERSION = YES;
				CLANG_WARN_INFINITE_RECURSION = YES;
				CLANG_WARN_INT_CONVERSION = YES;
				CLANG_WARN_NON_LITERAL_NULL_CONVERSION = YES;
				CLANG_WARN_OBJC_IMPLICIT_RETAIN_SELF = YES;
				CLANG_WARN_OBJC_LITERAL_CONVERSION = YES;
				CLANG_WARN_OBJC_ROOT_CLASS = YES_ERROR;
				CLANG_WARN_QUOTED_INCLUDE_IN_FRAMEWORK_HEADER = YES;
				CLANG_WARN_RANGE_LOOP_ANALYSIS = YES;
				CLANG_WARN_STRICT_PROTOTYPES = YES;
				CLANG_WARN_SUSPICIOUS_MOVE = YES;
				CLANG_WARN_UNGUARDED_AVAILABILITY = YES_AGGRESSIVE;
				CLANG_WARN_UNREACHABLE_CODE = YES;
				CLANG_WARN__DUPLICATE_METHOD_MATCH = YES;
				COPY_PHASE_STRIP = NO;
				DEBUG_INFORMATION_FORMAT = dwarf;
				ENABLE_STRICT_OBJC_MSGSEND = YES;
				ENABLE_TESTABILITY = YES;
				GCC_C_LANGUAGE_STANDARD = gnu11;
				GCC_DYNAMIC_NO_PIC = NO;
				GCC_NO_COMMON_BLOCKS = YES;
				GCC_OPTIMIZATION_LEVEL = 0;
				GCC_PREPROCESSOR_DEFINITIONS = (
					"DEBUG=1",
					"$(inherited)",
				);
				GCC_WARN_64_TO_32_BIT_CONVERSION = YES;
				GCC_WARN_ABOUT_RETURN_TYPE = YES_ERROR;
				GCC_WARN_UNDECLARED_SELECTOR = YES;
				GCC_WARN_UNINITIALIZED_AUTOS = YES_AGGRESSIVE;
				GCC_WARN_UNUSED_FUNCTION = YES;
				GCC_WARN_UNUSED_VARIABLE = YES;
				MTL_ENABLE_DEBUG_INFO = INCLUDE_SOURCE;
				MTL_FAST_MATH = YES;
				ONLY_ACTIVE_ARCH = YES;
				SWIFT_ACTIVE_COMPILATION_CONDITIONS = DEBUG;
				SWIFT_OPTIMIZATION_LEVEL = "-Onone";
			};
			name = Debug;
		};
		29C46C04270D5E8A00754817 /* Release */ = {
			isa = XCBuildConfiguration;
			buildSettings = {
				ALWAYS_SEARCH_USER_PATHS = NO;
				CLANG_ANALYZER_NONNULL = YES;
				CLANG_ANALYZER_NUMBER_OBJECT_CONVERSION = YES_AGGRESSIVE;
				CLANG_CXX_LANGUAGE_STANDARD = "gnu++17";
				CLANG_CXX_LIBRARY = "libc++";
				CLANG_ENABLE_MODULES = YES;
				CLANG_ENABLE_OBJC_ARC = YES;
				CLANG_ENABLE_OBJC_WEAK = YES;
				CLANG_WARN_BLOCK_CAPTURE_AUTORELEASING = YES;
				CLANG_WARN_BOOL_CONVERSION = YES;
				CLANG_WARN_COMMA = YES;
				CLANG_WARN_CONSTANT_CONVERSION = YES;
				CLANG_WARN_DEPRECATED_OBJC_IMPLEMENTATIONS = YES;
				CLANG_WARN_DIRECT_OBJC_ISA_USAGE = YES_ERROR;
				CLANG_WARN_DOCUMENTATION_COMMENTS = YES;
				CLANG_WARN_EMPTY_BODY = YES;
				CLANG_WARN_ENUM_CONVERSION = YES;
				CLANG_WARN_INFINITE_RECURSION = YES;
				CLANG_WARN_INT_CONVERSION = YES;
				CLANG_WARN_NON_LITERAL_NULL_CONVERSION = YES;
				CLANG_WARN_OBJC_IMPLICIT_RETAIN_SELF = YES;
				CLANG_WARN_OBJC_LITERAL_CONVERSION = YES;
				CLANG_WARN_OBJC_ROOT_CLASS = YES_ERROR;
				CLANG_WARN_QUOTED_INCLUDE_IN_FRAMEWORK_HEADER = YES;
				CLANG_WARN_RANGE_LOOP_ANALYSIS = YES;
				CLANG_WARN_STRICT_PROTOTYPES = YES;
				CLANG_WARN_SUSPICIOUS_MOVE = YES;
				CLANG_WARN_UNGUARDED_AVAILABILITY = YES_AGGRESSIVE;
				CLANG_WARN_UNREACHABLE_CODE = YES;
				CLANG_WARN__DUPLICATE_METHOD_MATCH = YES;
				COPY_PHASE_STRIP = NO;
				DEBUG_INFORMATION_FORMAT = "dwarf-with-dsym";
				ENABLE_NS_ASSERTIONS = NO;
				ENABLE_STRICT_OBJC_MSGSEND = YES;
				GCC_C_LANGUAGE_STANDARD = gnu11;
				GCC_NO_COMMON_BLOCKS = YES;
				GCC_WARN_64_TO_32_BIT_CONVERSION = YES;
				GCC_WARN_ABOUT_RETURN_TYPE = YES_ERROR;
				GCC_WARN_UNDECLARED_SELECTOR = YES;
				GCC_WARN_UNINITIALIZED_AUTOS = YES_AGGRESSIVE;
				GCC_WARN_UNUSED_FUNCTION = YES;
				GCC_WARN_UNUSED_VARIABLE = YES;
				MTL_ENABLE_DEBUG_INFO = NO;
				MTL_FAST_MATH = YES;
				SWIFT_COMPILATION_MODE = wholemodule;
				SWIFT_OPTIMIZATION_LEVEL = "-O";
			};
			name = Release;
		};
		29C46C06270D5E8A00754817 /* Debug */ = {
			isa = XCBuildConfiguration;
			buildSettings = {
				ASSETCATALOG_COMPILER_APPICON_NAME = AppIcon;
				ASSETCATALOG_COMPILER_GLOBAL_ACCENT_COLOR_NAME = AccentColor;
				CODE_SIGN_STYLE = Automatic;
				CURRENT_PROJECT_VERSION = 1;
				DEVELOPMENT_TEAM = KTF37Z8L24;
				ENABLE_PREVIEWS = YES;
				GENERATE_INFOPLIST_FILE = YES;
				INFOPLIST_KEY_UIApplicationSceneManifest_Generation = YES;
				INFOPLIST_KEY_UIApplicationSupportsIndirectInputEvents = YES;
				INFOPLIST_KEY_UILaunchScreen_Generation = YES;
				INFOPLIST_KEY_UILaunchStoryboardName = "Launch Screen";
				INFOPLIST_KEY_UISupportedInterfaceOrientations_iPad = "UIInterfaceOrientationPortrait UIInterfaceOrientationPortraitUpsideDown UIInterfaceOrientationLandscapeLeft UIInterfaceOrientationLandscapeRight";
				INFOPLIST_KEY_UISupportedInterfaceOrientations_iPhone = "UIInterfaceOrientationPortrait UIInterfaceOrientationLandscapeLeft UIInterfaceOrientationLandscapeRight";
				IPHONEOS_DEPLOYMENT_TARGET = 14.0;
				LD_RUNPATH_SEARCH_PATHS = (
					"$(inherited)",
					"@executable_path/Frameworks",
				);
				MARKETING_VERSION = 1.0;
				PRODUCT_BUNDLE_IDENTIFIER = com.figurich.Beliski;
				PRODUCT_NAME = Beliski;
				SDKROOT = iphoneos;
				SWIFT_EMIT_LOC_STRINGS = YES;
				SWIFT_VERSION = 5.0;
				TARGETED_DEVICE_FAMILY = "1,2";
			};
			name = Debug;
		};
		29C46C07270D5E8A00754817 /* Release */ = {
			isa = XCBuildConfiguration;
			buildSettings = {
				ASSETCATALOG_COMPILER_APPICON_NAME = AppIcon;
				ASSETCATALOG_COMPILER_GLOBAL_ACCENT_COLOR_NAME = AccentColor;
				CODE_SIGN_STYLE = Automatic;
				CURRENT_PROJECT_VERSION = 1;
				DEVELOPMENT_TEAM = KTF37Z8L24;
				ENABLE_PREVIEWS = YES;
				GENERATE_INFOPLIST_FILE = YES;
				INFOPLIST_KEY_UIApplicationSceneManifest_Generation = YES;
				INFOPLIST_KEY_UIApplicationSupportsIndirectInputEvents = YES;
				INFOPLIST_KEY_UILaunchScreen_Generation = YES;
				INFOPLIST_KEY_UILaunchStoryboardName = "Launch Screen";
				INFOPLIST_KEY_UISupportedInterfaceOrientations_iPad = "UIInterfaceOrientationPortrait UIInterfaceOrientationPortraitUpsideDown UIInterfaceOrientationLandscapeLeft UIInterfaceOrientationLandscapeRight";
				INFOPLIST_KEY_UISupportedInterfaceOrientations_iPhone = "UIInterfaceOrientationPortrait UIInterfaceOrientationLandscapeLeft UIInterfaceOrientationLandscapeRight";
				IPHONEOS_DEPLOYMENT_TARGET = 14.0;
				LD_RUNPATH_SEARCH_PATHS = (
					"$(inherited)",
					"@executable_path/Frameworks",
				);
				MARKETING_VERSION = 1.0;
				PRODUCT_BUNDLE_IDENTIFIER = com.figurich.Beliski;
				PRODUCT_NAME = Beliski;
				SDKROOT = iphoneos;
				SWIFT_EMIT_LOC_STRINGS = YES;
				SWIFT_VERSION = 5.0;
				TARGETED_DEVICE_FAMILY = "1,2";
				VALIDATE_PRODUCT = YES;
			};
			name = Release;
		};
		29C46C09270D5E8A00754817 /* Debug */ = {
			isa = XCBuildConfiguration;
			buildSettings = {
				ASSETCATALOG_COMPILER_APPICON_NAME = AppIcon;
				ASSETCATALOG_COMPILER_GLOBAL_ACCENT_COLOR_NAME = AccentColor;
				CODE_SIGN_ENTITLEMENTS = macOS/macOS.entitlements;
				CODE_SIGN_STYLE = Automatic;
				COMBINE_HIDPI_IMAGES = YES;
				CURRENT_PROJECT_VERSION = 1;
				DEVELOPMENT_TEAM = KTF37Z8L24;
				ENABLE_HARDENED_RUNTIME = YES;
				ENABLE_PREVIEWS = YES;
				GENERATE_INFOPLIST_FILE = YES;
				INFOPLIST_KEY_NSHumanReadableCopyright = "";
				LD_RUNPATH_SEARCH_PATHS = (
					"$(inherited)",
					"@executable_path/../Frameworks",
				);
				MACOSX_DEPLOYMENT_TARGET = 11.0;
				MARKETING_VERSION = 1.0;
				PRODUCT_BUNDLE_IDENTIFIER = com.figurich.Beliski;
				PRODUCT_NAME = Beliski;
				SDKROOT = macosx;
				SWIFT_EMIT_LOC_STRINGS = YES;
				SWIFT_VERSION = 5.0;
			};
			name = Debug;
		};
		29C46C0A270D5E8A00754817 /* Release */ = {
			isa = XCBuildConfiguration;
			buildSettings = {
				ASSETCATALOG_COMPILER_APPICON_NAME = AppIcon;
				ASSETCATALOG_COMPILER_GLOBAL_ACCENT_COLOR_NAME = AccentColor;
				CODE_SIGN_ENTITLEMENTS = macOS/macOS.entitlements;
				CODE_SIGN_STYLE = Automatic;
				COMBINE_HIDPI_IMAGES = YES;
				CURRENT_PROJECT_VERSION = 1;
				DEVELOPMENT_TEAM = KTF37Z8L24;
				ENABLE_HARDENED_RUNTIME = YES;
				ENABLE_PREVIEWS = YES;
				GENERATE_INFOPLIST_FILE = YES;
				INFOPLIST_KEY_NSHumanReadableCopyright = "";
				LD_RUNPATH_SEARCH_PATHS = (
					"$(inherited)",
					"@executable_path/../Frameworks",
				);
				MACOSX_DEPLOYMENT_TARGET = 11.0;
				MARKETING_VERSION = 1.0;
				PRODUCT_BUNDLE_IDENTIFIER = com.figurich.Beliski;
				PRODUCT_NAME = Beliski;
				SDKROOT = macosx;
				SWIFT_EMIT_LOC_STRINGS = YES;
				SWIFT_VERSION = 5.0;
			};
			name = Release;
		};
/* End XCBuildConfiguration section */

/* Begin XCConfigurationList section */
		29C46BEB270D5E8800754817 /* Build configuration list for PBXProject "Beliski" */ = {
			isa = XCConfigurationList;
			buildConfigurations = (
				29C46C03270D5E8A00754817 /* Debug */,
				29C46C04270D5E8A00754817 /* Release */,
			);
			defaultConfigurationIsVisible = 0;
			defaultConfigurationName = Release;
		};
		29C46C05270D5E8A00754817 /* Build configuration list for PBXNativeTarget "Beliski (iOS)" */ = {
			isa = XCConfigurationList;
			buildConfigurations = (
				29C46C06270D5E8A00754817 /* Debug */,
				29C46C07270D5E8A00754817 /* Release */,
			);
			defaultConfigurationIsVisible = 0;
			defaultConfigurationName = Release;
		};
		29C46C08270D5E8A00754817 /* Build configuration list for PBXNativeTarget "Beliski (macOS)" */ = {
			isa = XCConfigurationList;
			buildConfigurations = (
				29C46C09270D5E8A00754817 /* Debug */,
				29C46C0A270D5E8A00754817 /* Release */,
			);
			defaultConfigurationIsVisible = 0;
			defaultConfigurationName = Release;
		};
/* End XCConfigurationList section */
	};
	rootObject = 29C46BE8270D5E8800754817 /* Project object */;
}
